{
  "name": "optel",
  "version": "0.3.0",
  "lockfileVersion": 2,
  "requires": true,
  "packages": {
    "": {
      "name": "optel",
      "version": "0.3.0",
      "license": "MIT",
      "dependencies": {
        "hotscript": "^1.0.11"
      },
      "devDependencies": {
        "typescript": "^5.0.4"
      }
    },
    "node_modules/hotscript": {
      "version": "1.0.11",
      "resolved": "https://registry.npmjs.org/hotscript/-/hotscript-1.0.11.tgz",
      "integrity": "sha512-p7tUz9Lb0M1a/tUJxrXp/8NJ0QbD2UyfFIa89tCkeXB+K8jdIIVSHm7njNDbxw8uorjxRk3iGc2y2KJB5UMKIg=="
    },
    "node_modules/typescript": {
      "version": "5.0.4",
      "resolved": "https://registry.npmjs.org/typescript/-/typescript-5.0.4.tgz",
      "integrity": "sha512-cW9T5W9xY37cc+jfEnaUvX91foxtHkza3Nw3wkoF4sSlKn0MONdkdEndig/qPBWXNkmplh3NzayQzCiHM4/hqw==",
      "dev": true,
      "bin": {
        "tsc": "bin/tsc",
        "tsserver": "bin/tsserver"
      },
      "engines": {
        "node": ">=12.20"
      }
    }
  },
  "dependencies": {
    "hotscript": {
      "version": "1.0.11",
      "resolved": "https://registry.npmjs.org/hotscript/-/hotscript-1.0.11.tgz",
      "integrity": "sha512-p7tUz9Lb0M1a/tUJxrXp/8NJ0QbD2UyfFIa89tCkeXB+K8jdIIVSHm7njNDbxw8uorjxRk3iGc2y2KJB5UMKIg=="
    },
    "typescript": {
      "version": "5.0.4",
      "resolved": "https://registry.npmjs.org/typescript/-/typescript-5.0.4.tgz",
      "integrity": "sha512-cW9T5W9xY37cc+jfEnaUvX91foxtHkza3Nw3wkoF4sSlKn0MONdkdEndig/qPBWXNkmplh3NzayQzCiHM4/hqw==",
      "dev": true
    }
  }
}
